
Microsoft Visual Studio Solution File, Format Version 12.00
# Visual Studio Version 17
VisualStudioVersion = 17.9.34622.214
MinimumVisualStudioVersion = 10.0.40219.1
Project("{FAE04EC0-301F-11D3-BF4B-00C04F79EFBC}") = "SmartCare", "SmartCare\SmartCare.csproj", "{51D48370-2053-4F1B-A8A5-C61F5856A62B}"
EndProject
Global
	GlobalSection(SolutionConfigurationPlatforms) = preSolution
		Debug|Any CPU = Debug|Any CPU
		Release|Any CPU = Release|Any CPU
	EndGlobalSection
	GlobalSection(ProjectConfigurationPlatforms) = postSolution
		{51D48370-2053-4F1B-A8A5-C61F5856A62B}.Debug|Any CPU.ActiveCfg = Debug|Any CPU
		{51D48370-2053-4F1B-A8A5-C61F5856A62B}.Debug|Any CPU.Build.0 = Debug|Any CPU
		{51D48370-2053-4F1B-A8A5-C61F5856A62B}.Release|Any CPU.ActiveCfg = Release|Any CPU
		{51D48370-2053-4F1B-A8A5-C61F5856A62B}.Release|Any CPU.Build.0 = Release|Any CPU
	EndGlobalSection
	GlobalSection(SolutionProperties) = preSolution
		HideSolutionNode = FALSE
	EndGlobalSection
	GlobalSection(ExtensibilityGlobals) = postSolution
		SolutionGuid = {545D6B1E-873D-4DF9-9A34-D5686DDF022C}
	EndGlobalSection
EndGlobal
